
Microsoft Visual Studio Solution File, Format Version 12.00
# Visual Studio Version 17
VisualStudioVersion = 17.0.31903.59
MinimumVisualStudioVersion = 10.0.40219.1
Project("{9A19103F-16F7-4668-BE54-9A1E7A4F7556}") = "NovitaBlazor", "NovitaBlazor\NovitaBlazor.csproj", "{4A5EA91B-E6AF-420B-9543-C8CD8D500EBE}"
EndProject
Project("{FAE04EC0-301F-11D3-BF4B-00C04F79EFBC}") = "NovitaBlazor.Library", "NovitaBlazor.Library\NovitaBlazor.Library.csproj", "{6247E1ED-597D-4A1F-9145-81390F2CA619}"
EndProject
Global
	GlobalSection(SolutionConfigurationPlatforms) = preSolution
		Debug|Any CPU = Debug|Any CPU
		Release|Any CPU = Release|Any CPU
	EndGlobalSection
	GlobalSection(ProjectConfigurationPlatforms) = postSolution
		{4A5EA91B-E6AF-420B-9543-C8CD8D500EBE}.Debug|Any CPU.ActiveCfg = Debug|Any CPU
		{4A5EA91B-E6AF-420B-9543-C8CD8D500EBE}.Debug|Any CPU.Build.0 = Debug|Any CPU
		{4A5EA91B-E6AF-420B-9543-C8CD8D500EBE}.Release|Any CPU.ActiveCfg = Release|Any CPU
		{4A5EA91B-E6AF-420B-9543-C8CD8D500EBE}.Release|Any CPU.Build.0 = Release|Any CPU
		{6247E1ED-597D-4A1F-9145-81390F2CA619}.Debug|Any CPU.ActiveCfg = Debug|Any CPU
		{6247E1ED-597D-4A1F-9145-81390F2CA619}.Debug|Any CPU.Build.0 = Debug|Any CPU
		{6247E1ED-597D-4A1F-9145-81390F2CA619}.Release|Any CPU.ActiveCfg = Release|Any CPU
		{6247E1ED-597D-4A1F-9145-81390F2CA619}.Release|Any CPU.Build.0 = Release|Any CPU
	EndGlobalSection
	GlobalSection(SolutionProperties) = preSolution
		HideSolutionNode = FALSE
	EndGlobalSection
	GlobalSection(ExtensibilityGlobals) = postSolution
		SolutionGuid = {B824C5DE-364F-478D-9B05-01779C4F9369}
	EndGlobalSection
EndGlobal
